// !$*UTF8*$!
{
	archiveVersion = 1;
	classes = {
	};
	objectVersion = 46;
	objects = {

/* Begin PBXBuildFile section */
		0584D61DC6098C6FB8E837CF /* libPods-LemonKit.a in Frameworks */ = {isa = PBXBuildFile; fileRef = 08E78FDC1802ECEF585CFD47 /* libPods-LemonKit.a */; };
		5FE2A627323E50E6618D4049 /* libPods-LKSamplesTests.a in Frameworks */ = {isa = PBXBuildFile; fileRef = 6F95FDF386374F38532942EB /* libPods-LKSamplesTests.a */; };
		EA264A5F1E03C0A600F0BCE0 /* LemonKit.m in Sources */ = {isa = PBXBuildFile; fileRef = EA264A5E1E03C0A600F0BCE0 /* LemonKit.m */; };
		EA264A601E03C0A600F0BCE0 /* LemonKit.h in CopyFiles */ = {isa = PBXBuildFile; fileRef = EA264A5D1E03C0A600F0BCE0 /* LemonKit.h */; };
		EA264A6E1E03C0F500F0BCE0 /* main.m in Sources */ = {isa = PBXBuildFile; fileRef = EA264A6D1E03C0F500F0BCE0 /* main.m */; };
		EA264A8A1E03C0F500F0BCE0 /* LKSamplesTests.m in Sources */ = {isa = PBXBuildFile; fileRef = EA264A891E03C0F500F0BCE0 /* LKSamplesTests.m */; };
		EA264A951E03C0F500F0BCE0 /* LKSamplesUITests.m in Sources */ = {isa = PBXBuildFile; fileRef = EA264A941E03C0F500F0BCE0 /* LKSamplesUITests.m */; };
		EA264ABD1E03C14100F0BCE0 /* LKUINavigationController.m in Sources */ = {isa = PBXBuildFile; fileRef = EA264AA41E03C14100F0BCE0 /* LKUINavigationController.m */; };
		EA264ABE1E03C14100F0BCE0 /* LKUINavigationTabBarController.m in Sources */ = {isa = PBXBuildFile; fileRef = EA264AA61E03C14100F0BCE0 /* LKUINavigationTabBarController.m */; };
		EA264ABF1E03C14100F0BCE0 /* LKUITabBarController.m in Sources */ = {isa = PBXBuildFile; fileRef = EA264AA81E03C14100F0BCE0 /* LKUITabBarController.m */; };
		EA264AC01E03C14100F0BCE0 /* LKUIViewController.m in Sources */ = {isa = PBXBuildFile; fileRef = EA264AAA1E03C14100F0BCE0 /* LKUIViewController.m */; };
		EA264AC41E03C14100F0BCE0 /* UIColor+LKColor.m in Sources */ = {isa = PBXBuildFile; fileRef = EA264AB41E03C14100F0BCE0 /* UIColor+LKColor.m */; };
		EA264AC51E03C14100F0BCE0 /* UIView+LKGestureListener.m in Sources */ = {isa = PBXBuildFile; fileRef = EA264AB61E03C14100F0BCE0 /* UIView+LKGestureListener.m */; };
		EA264AC61E03C1E200F0BCE0 /* libLemonKit.a in Frameworks */ = {isa = PBXBuildFile; fileRef = EA264A5A1E03C0A600F0BCE0 /* libLemonKit.a */; };
		EA264AD11E03C2E700F0BCE0 /* AppInfo.plist in Resources */ = {isa = PBXBuildFile; fileRef = EA264AD01E03C2E700F0BCE0 /* AppInfo.plist */; };
		EA264AD41E03C33500F0BCE0 /* Main.xcassets in Resources */ = {isa = PBXBuildFile; fileRef = EA264AD31E03C33500F0BCE0 /* Main.xcassets */; };
		EA4E6BDB1E4996D3005D52FA /* LKLinkageCell.m in Sources */ = {isa = PBXBuildFile; fileRef = EA4E6BDA1E4996D3005D52FA /* LKLinkageCell.m */; };
		EA7580481E08BC6900D376A8 /* LKFreeCtrl.m in Sources */ = {isa = PBXBuildFile; fileRef = EA7580471E08BC6900D376A8 /* LKFreeCtrl.m */; };
		EAC4CA681E03D508002CDBAE /* StarterViewController.m in Sources */ = {isa = PBXBuildFile; fileRef = EAC4CA671E03D508002CDBAE /* StarterViewController.m */; };
		EAC4CA721E03E3B3002CDBAE /* Main.storyboard in Resources */ = {isa = PBXBuildFile; fileRef = EAC4CA701E03E3B3002CDBAE /* Main.storyboard */; };
		EAC4CA761E03E3BC002CDBAE /* AppDelegate.m in Sources */ = {isa = PBXBuildFile; fileRef = EAC4CA751E03E3BC002CDBAE /* AppDelegate.m */; };
		EAEB47201E495B9D0016512B /* LKLinkageView.m in Sources */ = {isa = PBXBuildFile; fileRef = EAEB471F1E495B9D0016512B /* LKLinkageView.m */; };
		EAEB47241E495BF30016512B /* LKLinkageItem.m in Sources */ = {isa = PBXBuildFile; fileRef = EAEB47231E495BF30016512B /* LKLinkageItem.m */; };
		EAEB47281E496BC70016512B /* LKUUIDTool.m in Sources */ = {isa = PBXBuildFile; fileRef = EAEB47271E496BC70016512B /* LKUUIDTool.m */; };
		F06A35441E34C46200401416 /* NSString+LKLocalStr.m in Sources */ = {isa = PBXBuildFile; fileRef = F06A35431E34C46200401416 /* NSString+LKLocalStr.m */; };
		F06A35461E34CE5E00401416 /* LKApp.plist in Resources */ = {isa = PBXBuildFile; fileRef = F06A35451E34CE5E00401416 /* LKApp.plist */; };
		F06A354C1E34CFE100401416 /* NSDictionary+LK.m in Sources */ = {isa = PBXBuildFile; fileRef = F06A354B1E34CFE100401416 /* NSDictionary+LK.m */; };
		F06A35531E34DCC800401416 /* LKInstance.m in Sources */ = {isa = PBXBuildFile; fileRef = F06A35521E34DCC800401416 /* LKInstance.m */; };
		F06E82431E20A99D006E638C /* MainViewController.m in Sources */ = {isa = PBXBuildFile; fileRef = F06E82421E20A99D006E638C /* MainViewController.m */; };
		F8605C0138FB894ABD001D78 /* libPods-LKSamplesUITests.a in Frameworks */ = {isa = PBXBuildFile; fileRef = 92B692CF48954B55AAC09F27 /* libPods-LKSamplesUITests.a */; };
		FE827BB3A7AEF3FC8077AED6 /* libPods-LKSamples.a in Frameworks */ = {isa = PBXBuildFile; fileRef = 831230788CA38BE51B56E79D /* libPods-LKSamples.a */; };
/* End PBXBuildFile section */

/* Begin PBXContainerItemProxy section */
		EA264A861E03C0F500F0BCE0 /* PBXContainerItemProxy */ = {
			isa = PBXContainerItemProxy;
			containerPortal = EA264A521E03C0A600F0BCE0 /* Project object */;
			proxyType = 1;
			remoteGlobalIDString = EA264A691E03C0F500F0BCE0;
			remoteInfo = LKSamples;
		};
		EA264A911E03C0F500F0BCE0 /* PBXContainerItemProxy */ = {
			isa = PBXContainerItemProxy;
			containerPortal = EA264A521E03C0A600F0BCE0 /* Project object */;
			proxyType = 1;
			remoteGlobalIDString = EA264A691E03C0F500F0BCE0;
			remoteInfo = LKSamples;
		};
/* End PBXContainerItemProxy section */

/* Begin PBXCopyFilesBuildPhase section */
		EA264A581E03C0A600F0BCE0 /* CopyFiles */ = {
			isa = PBXCopyFilesBuildPhase;
			buildActionMask = 2147483647;
			dstPath = "include/$(PRODUCT_NAME)";
			dstSubfolderSpec = 16;
			files = (
				EA264A601E03C0A600F0BCE0 /* LemonKit.h in CopyFiles */,
			);
			runOnlyForDeploymentPostprocessing = 0;
		};
/* End PBXCopyFilesBuildPhase section */

/* Begin PBXFileReference section */
		08E78FDC1802ECEF585CFD47 /* libPods-LemonKit.a */ = {isa = PBXFileReference; explicitFileType = archive.ar; includeInIndex = 0; path = "libPods-LemonKit.a"; sourceTree = BUILT_PRODUCTS_DIR; };
		1AC798EAFD9F121E6285F0E8 /* Pods-LKSamples.debug.xcconfig */ = {isa = PBXFileReference; includeInIndex = 1; lastKnownFileType = text.xcconfig; name = "Pods-LKSamples.debug.xcconfig"; path = "Pods/Target Support Files/Pods-LKSamples/Pods-LKSamples.debug.xcconfig"; sourceTree = "<group>"; };
		5A84727E94E71BED8675BEFD /* Pods-LemonKit.release.xcconfig */ = {isa = PBXFileReference; includeInIndex = 1; lastKnownFileType = text.xcconfig; name = "Pods-LemonKit.release.xcconfig"; path = "Pods/Target Support Files/Pods-LemonKit/Pods-LemonKit.release.xcconfig"; sourceTree = "<group>"; };
		6F95FDF386374F38532942EB /* libPods-LKSamplesTests.a */ = {isa = PBXFileReference; explicitFileType = archive.ar; includeInIndex = 0; path = "libPods-LKSamplesTests.a"; sourceTree = BUILT_PRODUCTS_DIR; };
		761E069F520B470657CF7C9E /* Pods-LKSamplesUITests.debug.xcconfig */ = {isa = PBXFileReference; includeInIndex = 1; lastKnownFileType = text.xcconfig; name = "Pods-LKSamplesUITests.debug.xcconfig"; path = "Pods/Target Support Files/Pods-LKSamplesUITests/Pods-LKSamplesUITests.debug.xcconfig"; sourceTree = "<group>"; };
		767F308E360137E3EA9810BD /* Pods-LemonKit.debug.xcconfig */ = {isa = PBXFileReference; includeInIndex = 1; lastKnownFileType = text.xcconfig; name = "Pods-LemonKit.debug.xcconfig"; path = "Pods/Target Support Files/Pods-LemonKit/Pods-LemonKit.debug.xcconfig"; sourceTree = "<group>"; };
		831230788CA38BE51B56E79D /* libPods-LKSamples.a */ = {isa = PBXFileReference; explicitFileType = archive.ar; includeInIndex = 0; path = "libPods-LKSamples.a"; sourceTree = BUILT_PRODUCTS_DIR; };
		8583C91D651B1320893B01C7 /* Pods-LKSamplesTests.debug.xcconfig */ = {isa = PBXFileReference; includeInIndex = 1; lastKnownFileType = text.xcconfig; name = "Pods-LKSamplesTests.debug.xcconfig"; path = "Pods/Target Support Files/Pods-LKSamplesTests/Pods-LKSamplesTests.debug.xcconfig"; sourceTree = "<group>"; };
		92B692CF48954B55AAC09F27 /* libPods-LKSamplesUITests.a */ = {isa = PBXFileReference; explicitFileType = archive.ar; includeInIndex = 0; path = "libPods-LKSamplesUITests.a"; sourceTree = BUILT_PRODUCTS_DIR; };
		9B98C449C71F6CB47328920B /* Pods-LKSamples.release.xcconfig */ = {isa = PBXFileReference; includeInIndex = 1; lastKnownFileType = text.xcconfig; name = "Pods-LKSamples.release.xcconfig"; path = "Pods/Target Support Files/Pods-LKSamples/Pods-LKSamples.release.xcconfig"; sourceTree = "<group>"; };
		D3839AB5BD887B56D6343332 /* Pods-LKSamplesTests.release.xcconfig */ = {isa = PBXFileReference; includeInIndex = 1; lastKnownFileType = text.xcconfig; name = "Pods-LKSamplesTests.release.xcconfig"; path = "Pods/Target Support Files/Pods-LKSamplesTests/Pods-LKSamplesTests.release.xcconfig"; sourceTree = "<group>"; };
		E9F3302C51463721C903344B /* Pods-LKSamplesUITests.release.xcconfig */ = {isa = PBXFileReference; includeInIndex = 1; lastKnownFileType = text.xcconfig; name = "Pods-LKSamplesUITests.release.xcconfig"; path = "Pods/Target Support Files/Pods-LKSamplesUITests/Pods-LKSamplesUITests.release.xcconfig"; sourceTree = "<group>"; };
		EA264A5A1E03C0A600F0BCE0 /* libLemonKit.a */ = {isa = PBXFileReference; explicitFileType = archive.ar; includeInIndex = 0; path = libLemonKit.a; sourceTree = BUILT_PRODUCTS_DIR; };
		EA264A5D1E03C0A600F0BCE0 /* LemonKit.h */ = {isa = PBXFileReference; lastKnownFileType = sourcecode.c.h; path = LemonKit.h; sourceTree = "<group>"; };
		EA264A5E1E03C0A600F0BCE0 /* LemonKit.m */ = {isa = PBXFileReference; lastKnownFileType = sourcecode.c.objc; path = LemonKit.m; sourceTree = "<group>"; };
		EA264A6A1E03C0F500F0BCE0 /* LKSamples.app */ = {isa = PBXFileReference; explicitFileType = wrapper.application; includeInIndex = 0; path = LKSamples.app; sourceTree = BUILT_PRODUCTS_DIR; };
		EA264A6D1E03C0F500F0BCE0 /* main.m */ = {isa = PBXFileReference; lastKnownFileType = sourcecode.c.objc; path = main.m; sourceTree = "<group>"; };
		EA264A851E03C0F500F0BCE0 /* LKSamplesTests.xctest */ = {isa = PBXFileReference; explicitFileType = wrapper.cfbundle; includeInIndex = 0; path = LKSamplesTests.xctest; sourceTree = BUILT_PRODUCTS_DIR; };
		EA264A891E03C0F500F0BCE0 /* LKSamplesTests.m */ = {isa = PBXFileReference; lastKnownFileType = sourcecode.c.objc; path = LKSamplesTests.m; sourceTree = "<group>"; };
		EA264A8B1E03C0F500F0BCE0 /* Info.plist */ = {isa = PBXFileReference; lastKnownFileType = text.plist.xml; path = Info.plist; sourceTree = "<group>"; };
		EA264A901E03C0F500F0BCE0 /* LKSamplesUITests.xctest */ = {isa = PBXFileReference; explicitFileType = wrapper.cfbundle; includeInIndex = 0; path = LKSamplesUITests.xctest; sourceTree = BUILT_PRODUCTS_DIR; };
		EA264A941E03C0F500F0BCE0 /* LKSamplesUITests.m */ = {isa = PBXFileReference; lastKnownFileType = sourcecode.c.objc; path = LKSamplesUITests.m; sourceTree = "<group>"; };
		EA264A961E03C0F500F0BCE0 /* Info.plist */ = {isa = PBXFileReference; lastKnownFileType = text.plist.xml; path = Info.plist; sourceTree = "<group>"; };
		EA264AA31E03C14100F0BCE0 /* LKUINavigationController.h */ = {isa = PBXFileReference; fileEncoding = 4; lastKnownFileType = sourcecode.c.h; path = LKUINavigationController.h; sourceTree = "<group>"; };
		EA264AA41E03C14100F0BCE0 /* LKUINavigationController.m */ = {isa = PBXFileReference; fileEncoding = 4; lastKnownFileType = sourcecode.c.objc; path = LKUINavigationController.m; sourceTree = "<group>"; };
		EA264AA51E03C14100F0BCE0 /* LKUINavigationTabBarController.h */ = {isa = PBXFileReference; fileEncoding = 4; lastKnownFileType = sourcecode.c.h; path = LKUINavigationTabBarController.h; sourceTree = "<group>"; };
		EA264AA61E03C14100F0BCE0 /* LKUINavigationTabBarController.m */ = {isa = PBXFileReference; fileEncoding = 4; lastKnownFileType = sourcecode.c.objc; path = LKUINavigationTabBarController.m; sourceTree = "<group>"; };
		EA264AA71E03C14100F0BCE0 /* LKUITabBarController.h */ = {isa = PBXFileReference; fileEncoding = 4; lastKnownFileType = sourcecode.c.h; path = LKUITabBarController.h; sourceTree = "<group>"; };
		EA264AA81E03C14100F0BCE0 /* LKUITabBarController.m */ = {isa = PBXFileReference; fileEncoding = 4; lastKnownFileType = sourcecode.c.objc; path = LKUITabBarController.m; sourceTree = "<group>"; };
		EA264AA91E03C14100F0BCE0 /* LKUIViewController.h */ = {isa = PBXFileReference; fileEncoding = 4; lastKnownFileType = sourcecode.c.h; path = LKUIViewController.h; sourceTree = "<group>"; };
		EA264AAA1E03C14100F0BCE0 /* LKUIViewController.m */ = {isa = PBXFileReference; fileEncoding = 4; lastKnownFileType = sourcecode.c.objc; path = LKUIViewController.m; sourceTree = "<group>"; };
		EA264AB31E03C14100F0BCE0 /* UIColor+LKColor.h */ = {isa = PBXFileReference; fileEncoding = 4; lastKnownFileType = sourcecode.c.h; path = "UIColor+LKColor.h"; sourceTree = "<group>"; };
		EA264AB41E03C14100F0BCE0 /* UIColor+LKColor.m */ = {isa = PBXFileReference; fileEncoding = 4; lastKnownFileType = sourcecode.c.objc; path = "UIColor+LKColor.m"; sourceTree = "<group>"; };
		EA264AB51E03C14100F0BCE0 /* UIView+LKGestureListener.h */ = {isa = PBXFileReference; fileEncoding = 4; lastKnownFileType = sourcecode.c.h; path = "UIView+LKGestureListener.h"; sourceTree = "<group>"; };
		EA264AB61E03C14100F0BCE0 /* UIView+LKGestureListener.m */ = {isa = PBXFileReference; fileEncoding = 4; lastKnownFileType = sourcecode.c.objc; path = "UIView+LKGestureListener.m"; sourceTree = "<group>"; };
		EA264AB91E03C14100F0BCE0 /* LKImageConst.h */ = {isa = PBXFileReference; fileEncoding = 4; lastKnownFileType = sourcecode.c.h; path = LKImageConst.h; sourceTree = "<group>"; };
		EA264ABA1E03C14100F0BCE0 /* LKLogConst.h */ = {isa = PBXFileReference; fileEncoding = 4; lastKnownFileType = sourcecode.c.h; path = LKLogConst.h; sourceTree = "<group>"; };
		EA264AD01E03C2E700F0BCE0 /* AppInfo.plist */ = {isa = PBXFileReference; fileEncoding = 4; lastKnownFileType = text.plist.xml; path = AppInfo.plist; sourceTree = "<group>"; };
		EA264AD31E03C33500F0BCE0 /* Main.xcassets */ = {isa = PBXFileReference; lastKnownFileType = folder.assetcatalog; path = Main.xcassets; sourceTree = "<group>"; };
		EA4E6BD91E4996D3005D52FA /* LKLinkageCell.h */ = {isa = PBXFileReference; fileEncoding = 4; lastKnownFileType = sourcecode.c.h; path = LKLinkageCell.h; sourceTree = "<group>"; };
		EA4E6BDA1E4996D3005D52FA /* LKLinkageCell.m */ = {isa = PBXFileReference; fileEncoding = 4; lastKnownFileType = sourcecode.c.objc; path = LKLinkageCell.m; sourceTree = "<group>"; };
		EA7580461E08BC6900D376A8 /* LKFreeCtrl.h */ = {isa = PBXFileReference; fileEncoding = 4; lastKnownFileType = sourcecode.c.h; path = LKFreeCtrl.h; sourceTree = "<group>"; };
		EA7580471E08BC6900D376A8 /* LKFreeCtrl.m */ = {isa = PBXFileReference; fileEncoding = 4; lastKnownFileType = sourcecode.c.objc; path = LKFreeCtrl.m; sourceTree = "<group>"; };
		EAB47A391E092CA000632BAE /* LKModule.h */ = {isa = PBXFileReference; lastKnownFileType = sourcecode.c.h; path = LKModule.h; sourceTree = "<group>"; };
		EAB47A3A1E092CB600632BAE /* LKCore.h */ = {isa = PBXFileReference; lastKnownFileType = sourcecode.c.h; path = LKCore.h; sourceTree = "<group>"; };
		EAB47A3B1E092CC900632BAE /* LKBase.h */ = {isa = PBXFileReference; lastKnownFileType = sourcecode.c.h; path = LKBase.h; sourceTree = "<group>"; };
		EAB47A3C1E092CE100632BAE /* LKCategory.h */ = {isa = PBXFileReference; lastKnownFileType = sourcecode.c.h; path = LKCategory.h; sourceTree = "<group>"; };
		EAB47A3D1E092D3500632BAE /* LKConst.h */ = {isa = PBXFileReference; lastKnownFileType = sourcecode.c.h; path = LKConst.h; sourceTree = "<group>"; };
		EAC4CA661E03D508002CDBAE /* StarterViewController.h */ = {isa = PBXFileReference; fileEncoding = 4; lastKnownFileType = sourcecode.c.h; path = StarterViewController.h; sourceTree = "<group>"; };
		EAC4CA671E03D508002CDBAE /* StarterViewController.m */ = {isa = PBXFileReference; fileEncoding = 4; lastKnownFileType = sourcecode.c.objc; path = StarterViewController.m; sourceTree = "<group>"; };
		EAC4CA701E03E3B3002CDBAE /* Main.storyboard */ = {isa = PBXFileReference; fileEncoding = 4; lastKnownFileType = file.storyboard; path = Main.storyboard; sourceTree = "<group>"; };
		EAC4CA741E03E3BC002CDBAE /* AppDelegate.h */ = {isa = PBXFileReference; fileEncoding = 4; lastKnownFileType = sourcecode.c.h; path = AppDelegate.h; sourceTree = "<group>"; };
		EAC4CA751E03E3BC002CDBAE /* AppDelegate.m */ = {isa = PBXFileReference; fileEncoding = 4; lastKnownFileType = sourcecode.c.objc; path = AppDelegate.m; sourceTree = "<group>"; };
		EAC4CA771E03EAD7002CDBAE /* LemonKit.pch */ = {isa = PBXFileReference; lastKnownFileType = sourcecode.c.h; path = LemonKit.pch; sourceTree = "<group>"; };
		EAEB471E1E495B9D0016512B /* LKLinkageView.h */ = {isa = PBXFileReference; fileEncoding = 4; lastKnownFileType = sourcecode.c.h; path = LKLinkageView.h; sourceTree = "<group>"; };
		EAEB471F1E495B9D0016512B /* LKLinkageView.m */ = {isa = PBXFileReference; fileEncoding = 4; lastKnownFileType = sourcecode.c.objc; path = LKLinkageView.m; sourceTree = "<group>"; };
		EAEB47221E495BF30016512B /* LKLinkageItem.h */ = {isa = PBXFileReference; fileEncoding = 4; lastKnownFileType = sourcecode.c.h; path = LKLinkageItem.h; sourceTree = "<group>"; };
		EAEB47231E495BF30016512B /* LKLinkageItem.m */ = {isa = PBXFileReference; fileEncoding = 4; lastKnownFileType = sourcecode.c.objc; path = LKLinkageItem.m; sourceTree = "<group>"; };
		EAEB47261E496BC70016512B /* LKUUIDTool.h */ = {isa = PBXFileReference; fileEncoding = 4; lastKnownFileType = sourcecode.c.h; path = LKUUIDTool.h; sourceTree = "<group>"; };
		EAEB47271E496BC70016512B /* LKUUIDTool.m */ = {isa = PBXFileReference; fileEncoding = 4; lastKnownFileType = sourcecode.c.objc; path = LKUUIDTool.m; sourceTree = "<group>"; };
		EAEB47291E496C630016512B /* LKTools.h */ = {isa = PBXFileReference; lastKnownFileType = sourcecode.c.h; path = LKTools.h; sourceTree = "<group>"; };
		F06A35411E34C20600401416 /* LKSizeConst.h */ = {isa = PBXFileReference; lastKnownFileType = sourcecode.c.h; path = LKSizeConst.h; sourceTree = "<group>"; };
		F06A35421E34C46200401416 /* NSString+LKLocalStr.h */ = {isa = PBXFileReference; fileEncoding = 4; lastKnownFileType = sourcecode.c.h; path = "NSString+LKLocalStr.h"; sourceTree = "<group>"; };
		F06A35431E34C46200401416 /* NSString+LKLocalStr.m */ = {isa = PBXFileReference; fileEncoding = 4; lastKnownFileType = sourcecode.c.objc; path = "NSString+LKLocalStr.m"; sourceTree = "<group>"; };
		F06A35451E34CE5E00401416 /* LKApp.plist */ = {isa = PBXFileReference; fileEncoding = 4; lastKnownFileType = text.plist.xml; path = LKApp.plist; sourceTree = "<group>"; };
		F06A354A1E34CFE100401416 /* NSDictionary+LK.h */ = {isa = PBXFileReference; fileEncoding = 4; lastKnownFileType = sourcecode.c.h; path = "NSDictionary+LK.h"; sourceTree = "<group>"; };
		F06A354B1E34CFE100401416 /* NSDictionary+LK.m */ = {isa = PBXFileReference; fileEncoding = 4; lastKnownFileType = sourcecode.c.objc; path = "NSDictionary+LK.m"; sourceTree = "<group>"; };
		F06A354D1E34D57A00401416 /* LKNameConst.h */ = {isa = PBXFileReference; lastKnownFileType = sourcecode.c.h; path = LKNameConst.h; sourceTree = "<group>"; };
		F06A35511E34DCC800401416 /* LKInstance.h */ = {isa = PBXFileReference; fileEncoding = 4; lastKnownFileType = sourcecode.c.h; path = LKInstance.h; sourceTree = "<group>"; };
		F06A35521E34DCC800401416 /* LKInstance.m */ = {isa = PBXFileReference; fileEncoding = 4; lastKnownFileType = sourcecode.c.objc; path = LKInstance.m; sourceTree = "<group>"; };
		F06E82411E20A99D006E638C /* MainViewController.h */ = {isa = PBXFileReference; fileEncoding = 4; lastKnownFileType = sourcecode.c.h; path = MainViewController.h; sourceTree = "<group>"; };
		F06E82421E20A99D006E638C /* MainViewController.m */ = {isa = PBXFileReference; fileEncoding = 4; lastKnownFileType = sourcecode.c.objc; path = MainViewController.m; sourceTree = "<group>"; };
/* End PBXFileReference section */

/* Begin PBXFrameworksBuildPhase section */
		EA264A571E03C0A600F0BCE0 /* Frameworks */ = {
			isa = PBXFrameworksBuildPhase;
			buildActionMask = 2147483647;
			files = (
				0584D61DC6098C6FB8E837CF /* libPods-LemonKit.a in Frameworks */,
			);
			runOnlyForDeploymentPostprocessing = 0;
		};
		EA264A671E03C0F500F0BCE0 /* Frameworks */ = {
			isa = PBXFrameworksBuildPhase;
			buildActionMask = 2147483647;
			files = (
				EA264AC61E03C1E200F0BCE0 /* libLemonKit.a in Frameworks */,
				FE827BB3A7AEF3FC8077AED6 /* libPods-LKSamples.a in Frameworks */,
			);
			runOnlyForDeploymentPostprocessing = 0;
		};
		EA264A821E03C0F500F0BCE0 /* Frameworks */ = {
			isa = PBXFrameworksBuildPhase;
			buildActionMask = 2147483647;
			files = (
				5FE2A627323E50E6618D4049 /* libPods-LKSamplesTests.a in Frameworks */,
			);
			runOnlyForDeploymentPostprocessing = 0;
		};
		EA264A8D1E03C0F500F0BCE0 /* Frameworks */ = {
			isa = PBXFrameworksBuildPhase;
			buildActionMask = 2147483647;
			files = (
				F8605C0138FB894ABD001D78 /* libPods-LKSamplesUITests.a in Frameworks */,
			);
			runOnlyForDeploymentPostprocessing = 0;
		};
/* End PBXFrameworksBuildPhase section */

/* Begin PBXGroup section */
		C2F5E85EA3F885F9A2C26763 /* Pods */ = {
			isa = PBXGroup;
			children = (
				1AC798EAFD9F121E6285F0E8 /* Pods-LKSamples.debug.xcconfig */,
				9B98C449C71F6CB47328920B /* Pods-LKSamples.release.xcconfig */,
				8583C91D651B1320893B01C7 /* Pods-LKSamplesTests.debug.xcconfig */,
				D3839AB5BD887B56D6343332 /* Pods-LKSamplesTests.release.xcconfig */,
				761E069F520B470657CF7C9E /* Pods-LKSamplesUITests.debug.xcconfig */,
				E9F3302C51463721C903344B /* Pods-LKSamplesUITests.release.xcconfig */,
				767F308E360137E3EA9810BD /* Pods-LemonKit.debug.xcconfig */,
				5A84727E94E71BED8675BEFD /* Pods-LemonKit.release.xcconfig */,
			);
			name = Pods;
			sourceTree = "<group>";
		};
		D96A0BD0178ABEE8FC2B41C9 /* Frameworks */ = {
			isa = PBXGroup;
			children = (
				831230788CA38BE51B56E79D /* libPods-LKSamples.a */,
				6F95FDF386374F38532942EB /* libPods-LKSamplesTests.a */,
				92B692CF48954B55AAC09F27 /* libPods-LKSamplesUITests.a */,
				08E78FDC1802ECEF585CFD47 /* libPods-LemonKit.a */,
			);
			name = Frameworks;
			sourceTree = "<group>";
		};
		EA264A511E03C0A600F0BCE0 = {
			isa = PBXGroup;
			children = (
				EA264A5C1E03C0A600F0BCE0 /* LemonKit */,
				EA264A6B1E03C0F500F0BCE0 /* LKSamples */,
				EA264A881E03C0F500F0BCE0 /* LKSamplesTests */,
				EA264A931E03C0F500F0BCE0 /* LKSamplesUITests */,
				EA264A5B1E03C0A600F0BCE0 /* Products */,
				C2F5E85EA3F885F9A2C26763 /* Pods */,
				D96A0BD0178ABEE8FC2B41C9 /* Frameworks */,
			);
			sourceTree = "<group>";
		};
		EA264A5B1E03C0A600F0BCE0 /* Products */ = {
			isa = PBXGroup;
			children = (
				EA264A5A1E03C0A600F0BCE0 /* libLemonKit.a */,
				EA264A6A1E03C0F500F0BCE0 /* LKSamples.app */,
				EA264A851E03C0F500F0BCE0 /* LKSamplesTests.xctest */,
				EA264A901E03C0F500F0BCE0 /* LKSamplesUITests.xctest */,
			);
			name = Products;
			sourceTree = "<group>";
		};
		EA264A5C1E03C0A600F0BCE0 /* LemonKit */ = {
			isa = PBXGroup;
			children = (
				EA264A5D1E03C0A600F0BCE0 /* LemonKit.h */,
				EA264A5E1E03C0A600F0BCE0 /* LemonKit.m */,
				EAEB47251E496BBB0016512B /* LKTools */,
				EAEB47211E495BD10016512B /* LKModel */,
				EAEB471D1E495B580016512B /* LKViewExt */,
				EA7580441E08BC4400D376A8 /* LKCore */,
				EA264AA11E03C14100F0BCE0 /* LKBase */,
				EA264AAB1E03C14100F0BCE0 /* LKCategory */,
				EA264AB71E03C14100F0BCE0 /* LKConst */,
				EA264ABB1E03C14100F0BCE0 /* LKRecorder */,
			);
			path = LemonKit;
			sourceTree = "<group>";
		};
		EA264A6B1E03C0F500F0BCE0 /* LKSamples */ = {
			isa = PBXGroup;
			children = (
				EAC4CA611E03C420002CDBAE /* ViewController */,
				EA264ACE1E03C2C900F0BCE0 /* Resource */,
				EA264ACB1E03C26B00F0BCE0 /* Storyboard */,
				EA264AC71E03C23300F0BCE0 /* Delegate */,
				EA264A6C1E03C0F500F0BCE0 /* Supporting Files */,
			);
			path = LKSamples;
			sourceTree = "<group>";
		};
		EA264A6C1E03C0F500F0BCE0 /* Supporting Files */ = {
			isa = PBXGroup;
			children = (
				EA264A6D1E03C0F500F0BCE0 /* main.m */,
				EAC4CA771E03EAD7002CDBAE /* LemonKit.pch */,
			);
			name = "Supporting Files";
			sourceTree = "<group>";
		};
		EA264A881E03C0F500F0BCE0 /* LKSamplesTests */ = {
			isa = PBXGroup;
			children = (
				EA264A891E03C0F500F0BCE0 /* LKSamplesTests.m */,
				EA264A8B1E03C0F500F0BCE0 /* Info.plist */,
			);
			path = LKSamplesTests;
			sourceTree = "<group>";
		};
		EA264A931E03C0F500F0BCE0 /* LKSamplesUITests */ = {
			isa = PBXGroup;
			children = (
				EA264A941E03C0F500F0BCE0 /* LKSamplesUITests.m */,
				EA264A961E03C0F500F0BCE0 /* Info.plist */,
			);
			path = LKSamplesUITests;
			sourceTree = "<group>";
		};
		EA264AA11E03C14100F0BCE0 /* LKBase */ = {
			isa = PBXGroup;
			children = (
				EAB47A3B1E092CC900632BAE /* LKBase.h */,
				EA264AA31E03C14100F0BCE0 /* LKUINavigationController.h */,
				EA264AA41E03C14100F0BCE0 /* LKUINavigationController.m */,
				EA264AA51E03C14100F0BCE0 /* LKUINavigationTabBarController.h */,
				EA264AA61E03C14100F0BCE0 /* LKUINavigationTabBarController.m */,
				EA264AA71E03C14100F0BCE0 /* LKUITabBarController.h */,
				EA264AA81E03C14100F0BCE0 /* LKUITabBarController.m */,
				EA264AA91E03C14100F0BCE0 /* LKUIViewController.h */,
				EA264AAA1E03C14100F0BCE0 /* LKUIViewController.m */,
			);
			path = LKBase;
			sourceTree = "<group>";
		};
		EA264AAB1E03C14100F0BCE0 /* LKCategory */ = {
			isa = PBXGroup;
			children = (
				EAB47A3C1E092CE100632BAE /* LKCategory.h */,
				EA264AB31E03C14100F0BCE0 /* UIColor+LKColor.h */,
				EA264AB41E03C14100F0BCE0 /* UIColor+LKColor.m */,
				EA264AB51E03C14100F0BCE0 /* UIView+LKGestureListener.h */,
				EA264AB61E03C14100F0BCE0 /* UIView+LKGestureListener.m */,
				F06A35421E34C46200401416 /* NSString+LKLocalStr.h */,
				F06A35431E34C46200401416 /* NSString+LKLocalStr.m */,
				F06A354A1E34CFE100401416 /* NSDictionary+LK.h */,
				F06A354B1E34CFE100401416 /* NSDictionary+LK.m */,
			);
			path = LKCategory;
			sourceTree = "<group>";
		};
		EA264AB71E03C14100F0BCE0 /* LKConst */ = {
			isa = PBXGroup;
			children = (
				EAB47A3D1E092D3500632BAE /* LKConst.h */,
				EA264AB91E03C14100F0BCE0 /* LKImageConst.h */,
				EA264ABA1E03C14100F0BCE0 /* LKLogConst.h */,
				F06A35411E34C20600401416 /* LKSizeConst.h */,
				F06A354D1E34D57A00401416 /* LKNameConst.h */,
			);
			path = LKConst;
			sourceTree = "<group>";
		};
		EA264ABB1E03C14100F0BCE0 /* LKRecorder */ = {
			isa = PBXGroup;
			children = (
			);
			path = LKRecorder;
			sourceTree = "<group>";
		};
		EA264AC71E03C23300F0BCE0 /* Delegate */ = {
			isa = PBXGroup;
			children = (
				EAC4CA731E03E3BC002CDBAE /* Base */,
			);
			path = Delegate;
			sourceTree = "<group>";
		};
		EA264ACB1E03C26B00F0BCE0 /* Storyboard */ = {
			isa = PBXGroup;
			children = (
				EAC4CA6E1E03E3B3002CDBAE /* Base */,
			);
			path = Storyboard;
			sourceTree = "<group>";
		};
		EA264ACE1E03C2C900F0BCE0 /* Resource */ = {
			isa = PBXGroup;
			children = (
				EA264AD21E03C32400F0BCE0 /* ImageAsset */,
				EA264ACF1E03C2C900F0BCE0 /* PropertyList */,
			);
			path = Resource;
			sourceTree = "<group>";
		};
		EA264ACF1E03C2C900F0BCE0 /* PropertyList */ = {
			isa = PBXGroup;
			children = (
				EA264AD01E03C2E700F0BCE0 /* AppInfo.plist */,
				F06A35451E34CE5E00401416 /* LKApp.plist */,
			);
			path = PropertyList;
			sourceTree = "<group>";
		};
		EA264AD21E03C32400F0BCE0 /* ImageAsset */ = {
			isa = PBXGroup;
			children = (
				EA264AD31E03C33500F0BCE0 /* Main.xcassets */,
			);
			path = ImageAsset;
			sourceTree = "<group>";
		};
		EA7580441E08BC4400D376A8 /* LKCore */ = {
			isa = PBXGroup;
			children = (
				EA7580451E08BC4400D376A8 /* LKModule */,
				EAB47A3A1E092CB600632BAE /* LKCore.h */,
			);
			path = LKCore;
			sourceTree = "<group>";
		};
		EA7580451E08BC4400D376A8 /* LKModule */ = {
			isa = PBXGroup;
			children = (
				EAB47A391E092CA000632BAE /* LKModule.h */,
				EA7580461E08BC6900D376A8 /* LKFreeCtrl.h */,
				EA7580471E08BC6900D376A8 /* LKFreeCtrl.m */,
				F06A35511E34DCC800401416 /* LKInstance.h */,
				F06A35521E34DCC800401416 /* LKInstance.m */,
			);
			path = LKModule;
			sourceTree = "<group>";
		};
		EAC4CA611E03C420002CDBAE /* ViewController */ = {
			isa = PBXGroup;
			children = (
				EAC4CA651E03D508002CDBAE /* Base */,
			);
			path = ViewController;
			sourceTree = "<group>";
		};
		EAC4CA651E03D508002CDBAE /* Base */ = {
			isa = PBXGroup;
			children = (
				EAC4CA661E03D508002CDBAE /* StarterViewController.h */,
				EAC4CA671E03D508002CDBAE /* StarterViewController.m */,
				F06E82411E20A99D006E638C /* MainViewController.h */,
				F06E82421E20A99D006E638C /* MainViewController.m */,
			);
			path = Base;
			sourceTree = "<group>";
		};
		EAC4CA6E1E03E3B3002CDBAE /* Base */ = {
			isa = PBXGroup;
			children = (
				EAC4CA701E03E3B3002CDBAE /* Main.storyboard */,
			);
			path = Base;
			sourceTree = "<group>";
		};
		EAC4CA731E03E3BC002CDBAE /* Base */ = {
			isa = PBXGroup;
			children = (
				EAC4CA741E03E3BC002CDBAE /* AppDelegate.h */,
				EAC4CA751E03E3BC002CDBAE /* AppDelegate.m */,
			);
			path = Base;
			sourceTree = "<group>";
		};
		EAEB471D1E495B580016512B /* LKViewExt */ = {
			isa = PBXGroup;
			children = (
				EAEB471E1E495B9D0016512B /* LKLinkageView.h */,
				EAEB471F1E495B9D0016512B /* LKLinkageView.m */,
				EA4E6BD91E4996D3005D52FA /* LKLinkageCell.h */,
				EA4E6BDA1E4996D3005D52FA /* LKLinkageCell.m */,
			);
			path = LKViewExt;
			sourceTree = "<group>";
		};
		EAEB47211E495BD10016512B /* LKModel */ = {
			isa = PBXGroup;
			children = (
				EAEB47221E495BF30016512B /* LKLinkageItem.h */,
				EAEB47231E495BF30016512B /* LKLinkageItem.m */,
			);
			path = LKModel;
			sourceTree = "<group>";
		};
		EAEB47251E496BBB0016512B /* LKTools */ = {
			isa = PBXGroup;
			children = (
				EAEB47261E496BC70016512B /* LKUUIDTool.h */,
				EAEB47271E496BC70016512B /* LKUUIDTool.m */,
				EAEB47291E496C630016512B /* LKTools.h */,
			);
			path = LKTools;
			sourceTree = "<group>";
		};
/* End PBXGroup section */

/* Begin PBXNativeTarget section */
		EA264A591E03C0A600F0BCE0 /* LemonKit */ = {
			isa = PBXNativeTarget;
			buildConfigurationList = EA264A631E03C0A600F0BCE0 /* Build configuration list for PBXNativeTarget "LemonKit" */;
			buildPhases = (
				7C49BB47F50C1B0A9DD44462 /* [CP] Check Pods Manifest.lock */,
				EA264A561E03C0A600F0BCE0 /* Sources */,
				EA264A571E03C0A600F0BCE0 /* Frameworks */,
				EA264A581E03C0A600F0BCE0 /* CopyFiles */,
				5A6064AE0A9DB16D67117057 /* [CP] Copy Pods Resources */,
			);
			buildRules = (
			);
			dependencies = (
			);
			name = LemonKit;
			productName = LemonKit;
			productReference = EA264A5A1E03C0A600F0BCE0 /* libLemonKit.a */;
			productType = "com.apple.product-type.library.static";
		};
		EA264A691E03C0F500F0BCE0 /* LKSamples */ = {
			isa = PBXNativeTarget;
			buildConfigurationList = EA264A971E03C0F500F0BCE0 /* Build configuration list for PBXNativeTarget "LKSamples" */;
			buildPhases = (
				103F4754E9F2FE33B148734C /* [CP] Check Pods Manifest.lock */,
				EA264A661E03C0F500F0BCE0 /* Sources */,
				EA264A671E03C0F500F0BCE0 /* Frameworks */,
				EA264A681E03C0F500F0BCE0 /* Resources */,
				15E51280323600840BB0965B /* [CP] Embed Pods Frameworks */,
				E9CE162BAA581415D8E79406 /* [CP] Copy Pods Resources */,
			);
			buildRules = (
			);
			dependencies = (
			);
			name = LKSamples;
			productName = LKSamples;
			productReference = EA264A6A1E03C0F500F0BCE0 /* LKSamples.app */;
			productType = "com.apple.product-type.application";
		};
		EA264A841E03C0F500F0BCE0 /* LKSamplesTests */ = {
			isa = PBXNativeTarget;
			buildConfigurationList = EA264A9A1E03C0F500F0BCE0 /* Build configuration list for PBXNativeTarget "LKSamplesTests" */;
			buildPhases = (
				67E8ADE0D925E7D5A334C0DD /* [CP] Check Pods Manifest.lock */,
				EA264A811E03C0F500F0BCE0 /* Sources */,
				EA264A821E03C0F500F0BCE0 /* Frameworks */,
				EA264A831E03C0F500F0BCE0 /* Resources */,
				706081CE424D0246C7EA08B5 /* [CP] Embed Pods Frameworks */,
				C9AE8B7F95F49B046B0BA112 /* [CP] Copy Pods Resources */,
			);
			buildRules = (
			);
			dependencies = (
				EA264A871E03C0F500F0BCE0 /* PBXTargetDependency */,
			);
			name = LKSamplesTests;
			productName = LKSamplesTests;
			productReference = EA264A851E03C0F500F0BCE0 /* LKSamplesTests.xctest */;
			productType = "com.apple.product-type.bundle.unit-test";
		};
		EA264A8F1E03C0F500F0BCE0 /* LKSamplesUITests */ = {
			isa = PBXNativeTarget;
			buildConfigurationList = EA264A9D1E03C0F500F0BCE0 /* Build configuration list for PBXNativeTarget "LKSamplesUITests" */;
			buildPhases = (
				6E7B1B613A6B39946C17864C /* [CP] Check Pods Manifest.lock */,
				EA264A8C1E03C0F500F0BCE0 /* Sources */,
				EA264A8D1E03C0F500F0BCE0 /* Frameworks */,
				EA264A8E1E03C0F500F0BCE0 /* Resources */,
				17544BC6CD0F4488AEAC681F /* [CP] Embed Pods Frameworks */,
				5AEF5EA4F46C28F1D91E88D7 /* [CP] Copy Pods Resources */,
			);
			buildRules = (
			);
			dependencies = (
				EA264A921E03C0F500F0BCE0 /* PBXTargetDependency */,
			);
			name = LKSamplesUITests;
			productName = LKSamplesUITests;
			productReference = EA264A901E03C0F500F0BCE0 /* LKSamplesUITests.xctest */;
			productType = "com.apple.product-type.bundle.ui-testing";
		};
/* End PBXNativeTarget section */

/* Begin PBXProject section */
		EA264A521E03C0A600F0BCE0 /* Project object */ = {
			isa = PBXProject;
			attributes = {
				LastUpgradeCheck = 0820;
				ORGANIZATIONNAME = Lemonsoft;
				TargetAttributes = {
					EA264A591E03C0A600F0BCE0 = {
						CreatedOnToolsVersion = 8.2;
						DevelopmentTeam = E9Z57RBU72;
						ProvisioningStyle = Automatic;
					};
					EA264A691E03C0F500F0BCE0 = {
						CreatedOnToolsVersion = 8.2;
						DevelopmentTeam = L77U8HVTZN;
						ProvisioningStyle = Automatic;
					};
					EA264A841E03C0F500F0BCE0 = {
						CreatedOnToolsVersion = 8.2;
						DevelopmentTeam = E9Z57RBU72;
						ProvisioningStyle = Automatic;
						TestTargetID = EA264A691E03C0F500F0BCE0;
					};
					EA264A8F1E03C0F500F0BCE0 = {
						CreatedOnToolsVersion = 8.2;
						DevelopmentTeam = E9Z57RBU72;
						ProvisioningStyle = Automatic;
						TestTargetID = EA264A691E03C0F500F0BCE0;
					};
				};
			};
			buildConfigurationList = EA264A551E03C0A600F0BCE0 /* Build configuration list for PBXProject "LemonKit" */;
			compatibilityVersion = "Xcode 3.2";
			developmentRegion = English;
			hasScannedForEncodings = 0;
			knownRegions = (
				en,
				Base,
			);
			mainGroup = EA264A511E03C0A600F0BCE0;
			productRefGroup = EA264A5B1E03C0A600F0BCE0 /* Products */;
			projectDirPath = "";
			projectRoot = "";
			targets = (
				EA264A591E03C0A600F0BCE0 /* LemonKit */,
				EA264A691E03C0F500F0BCE0 /* LKSamples */,
				EA264A841E03C0F500F0BCE0 /* LKSamplesTests */,
				EA264A8F1E03C0F500F0BCE0 /* LKSamplesUITests */,
			);
		};
/* End PBXProject section */

/* Begin PBXResourcesBuildPhase section */
		EA264A681E03C0F500F0BCE0 /* Resources */ = {
			isa = PBXResourcesBuildPhase;
			buildActionMask = 2147483647;
			files = (
				EA264AD11E03C2E700F0BCE0 /* AppInfo.plist in Resources */,
				F06A35461E34CE5E00401416 /* LKApp.plist in Resources */,
				EA264AD41E03C33500F0BCE0 /* Main.xcassets in Resources */,
				EAC4CA721E03E3B3002CDBAE /* Main.storyboard in Resources */,
			);
			runOnlyForDeploymentPostprocessing = 0;
		};
		EA264A831E03C0F500F0BCE0 /* Resources */ = {
			isa = PBXResourcesBuildPhase;
			buildActionMask = 2147483647;
			files = (
			);
			runOnlyForDeploymentPostprocessing = 0;
		};
		EA264A8E1E03C0F500F0BCE0 /* Resources */ = {
			isa = PBXResourcesBuildPhase;
			buildActionMask = 2147483647;
			files = (
			);
			runOnlyForDeploymentPostprocessing = 0;
		};
/* End PBXResourcesBuildPhase section */

/* Begin PBXShellScriptBuildPhase section */
		103F4754E9F2FE33B148734C /* [CP] Check Pods Manifest.lock */ = {
			isa = PBXShellScriptBuildPhase;
			buildActionMask = 2147483647;
			files = (
			);
			inputPaths = (
			);
			name = "[CP] Check Pods Manifest.lock";
			outputPaths = (
			);
			runOnlyForDeploymentPostprocessing = 0;
			shellPath = /bin/sh;
			shellScript = "diff \"${PODS_ROOT}/../Podfile.lock\" \"${PODS_ROOT}/Manifest.lock\" > /dev/null\nif [ $? != 0 ] ; then\n    # print error to STDERR\n    echo \"error: The sandbox is not in sync with the Podfile.lock. Run 'pod install' or update your CocoaPods installation.\" >&2\n    exit 1\nfi\n";
			showEnvVarsInLog = 0;
		};
		15E51280323600840BB0965B /* [CP] Embed Pods Frameworks */ = {
			isa = PBXShellScriptBuildPhase;
			buildActionMask = 2147483647;
			files = (
			);
			inputPaths = (
			);
			name = "[CP] Embed Pods Frameworks";
			outputPaths = (
			);
			runOnlyForDeploymentPostprocessing = 0;
			shellPath = /bin/sh;
			shellScript = "\"${SRCROOT}/Pods/Target Support Files/Pods-LKSamples/Pods-LKSamples-frameworks.sh\"\n";
			showEnvVarsInLog = 0;
		};
		17544BC6CD0F4488AEAC681F /* [CP] Embed Pods Frameworks */ = {
			isa = PBXShellScriptBuildPhase;
			buildActionMask = 2147483647;
			files = (
			);
			inputPaths = (
			);
			name = "[CP] Embed Pods Frameworks";
			outputPaths = (
			);
			runOnlyForDeploymentPostprocessing = 0;
			shellPath = /bin/sh;
			shellScript = "\"${SRCROOT}/Pods/Target Support Files/Pods-LKSamplesUITests/Pods-LKSamplesUITests-frameworks.sh\"\n";
			showEnvVarsInLog = 0;
		};
		5A6064AE0A9DB16D67117057 /* [CP] Copy Pods Resources */ = {
			isa = PBXShellScriptBuildPhase;
			buildActionMask = 2147483647;
			files = (
			);
			inputPaths = (
			);
			name = "[CP] Copy Pods Resources";
			outputPaths = (
			);
			runOnlyForDeploymentPostprocessing = 0;
			shellPath = /bin/sh;
			shellScript = "\"${SRCROOT}/Pods/Target Support Files/Pods-LemonKit/Pods-LemonKit-resources.sh\"\n";
			showEnvVarsInLog = 0;
		};
		5AEF5EA4F46C28F1D91E88D7 /* [CP] Copy Pods Resources */ = {
			isa = PBXShellScriptBuildPhase;
			buildActionMask = 2147483647;
			files = (
			);
			inputPaths = (
			);
			name = "[CP] Copy Pods Resources";
			outputPaths = (
			);
			runOnlyForDeploymentPostprocessing = 0;
			shellPath = /bin/sh;
			shellScript = "\"${SRCROOT}/Pods/Target Support Files/Pods-LKSamplesUITests/Pods-LKSamplesUITests-resources.sh\"\n";
			showEnvVarsInLog = 0;
		};
		67E8ADE0D925E7D5A334C0DD /* [CP] Check Pods Manifest.lock */ = {
			isa = PBXShellScriptBuildPhase;
			buildActionMask = 2147483647;
			files = (
			);
			inputPaths = (
			);
			name = "[CP] Check Pods Manifest.lock";
			outputPaths = (
			);
			runOnlyForDeploymentPostprocessing = 0;
			shellPath = /bin/sh;
			shellScript = "diff \"${PODS_ROOT}/../Podfile.lock\" \"${PODS_ROOT}/Manifest.lock\" > /dev/null\nif [ $? != 0 ] ; then\n    # print error to STDERR\n    echo \"error: The sandbox is not in sync with the Podfile.lock. Run 'pod install' or update your CocoaPods installation.\" >&2\n    exit 1\nfi\n";
			showEnvVarsInLog = 0;
		};
		6E7B1B613A6B39946C17864C /* [CP] Check Pods Manifest.lock */ = {
			isa = PBXShellScriptBuildPhase;
			buildActionMask = 2147483647;
			files = (
			);
			inputPaths = (
			);
			name = "[CP] Check Pods Manifest.lock";
			outputPaths = (
			);
			runOnlyForDeploymentPostprocessing = 0;
			shellPath = /bin/sh;
			shellScript = "diff \"${PODS_ROOT}/../Podfile.lock\" \"${PODS_ROOT}/Manifest.lock\" > /dev/null\nif [ $? != 0 ] ; then\n    # print error to STDERR\n    echo \"error: The sandbox is not in sync with the Podfile.lock. Run 'pod install' or update your CocoaPods installation.\" >&2\n    exit 1\nfi\n";
			showEnvVarsInLog = 0;
		};
		706081CE424D0246C7EA08B5 /* [CP] Embed Pods Frameworks */ = {
			isa = PBXShellScriptBuildPhase;
			buildActionMask = 2147483647;
			files = (
			);
			inputPaths = (
			);
			name = "[CP] Embed Pods Frameworks";
			outputPaths = (
			);
			runOnlyForDeploymentPostprocessing = 0;
			shellPath = /bin/sh;
			shellScript = "\"${SRCROOT}/Pods/Target Support Files/Pods-LKSamplesTests/Pods-LKSamplesTests-frameworks.sh\"\n";
			showEnvVarsInLog = 0;
		};
		7C49BB47F50C1B0A9DD44462 /* [CP] Check Pods Manifest.lock */ = {
			isa = PBXShellScriptBuildPhase;
			buildActionMask = 2147483647;
			files = (
			);
			inputPaths = (
			);
			name = "[CP] Check Pods Manifest.lock";
			outputPaths = (
			);
			runOnlyForDeploymentPostprocessing = 0;
			shellPath = /bin/sh;
			shellScript = "diff \"${PODS_ROOT}/../Podfile.lock\" \"${PODS_ROOT}/Manifest.lock\" > /dev/null\nif [ $? != 0 ] ; then\n    # print error to STDERR\n    echo \"error: The sandbox is not in sync with the Podfile.lock. Run 'pod install' or update your CocoaPods installation.\" >&2\n    exit 1\nfi\n";
			showEnvVarsInLog = 0;
		};
		C9AE8B7F95F49B046B0BA112 /* [CP] Copy Pods Resources */ = {
			isa = PBXShellScriptBuildPhase;
			buildActionMask = 2147483647;
			files = (
			);
			inputPaths = (
			);
			name = "[CP] Copy Pods Resources";
			outputPaths = (
			);
			runOnlyForDeploymentPostprocessing = 0;
			shellPath = /bin/sh;
			shellScript = "\"${SRCROOT}/Pods/Target Support Files/Pods-LKSamplesTests/Pods-LKSamplesTests-resources.sh\"\n";
			showEnvVarsInLog = 0;
		};
		E9CE162BAA581415D8E79406 /* [CP] Copy Pods Resources */ = {
			isa = PBXShellScriptBuildPhase;
			buildActionMask = 2147483647;
			files = (
			);
			inputPaths = (
			);
			name = "[CP] Copy Pods Resources";
			outputPaths = (
			);
			runOnlyForDeploymentPostprocessing = 0;
			shellPath = /bin/sh;
			shellScript = "\"${SRCROOT}/Pods/Target Support Files/Pods-LKSamples/Pods-LKSamples-resources.sh\"\n";
			showEnvVarsInLog = 0;
		};
/* End PBXShellScriptBuildPhase section */

/* Begin PBXSourcesBuildPhase section */
		EA264A561E03C0A600F0BCE0 /* Sources */ = {
			isa = PBXSourcesBuildPhase;
			buildActionMask = 2147483647;
			files = (
				EA264AC01E03C14100F0BCE0 /* LKUIViewController.m in Sources */,
				EA264AC41E03C14100F0BCE0 /* UIColor+LKColor.m in Sources */,
				EA264ABD1E03C14100F0BCE0 /* LKUINavigationController.m in Sources */,
				EA264A5F1E03C0A600F0BCE0 /* LemonKit.m in Sources */,
				EA7580481E08BC6900D376A8 /* LKFreeCtrl.m in Sources */,
				F06A35531E34DCC800401416 /* LKInstance.m in Sources */,
				F06A354C1E34CFE100401416 /* NSDictionary+LK.m in Sources */,
				EA264ABF1E03C14100F0BCE0 /* LKUITabBarController.m in Sources */,
				EA4E6BDB1E4996D3005D52FA /* LKLinkageCell.m in Sources */,
				EA264ABE1E03C14100F0BCE0 /* LKUINavigationTabBarController.m in Sources */,
				EAEB47281E496BC70016512B /* LKUUIDTool.m in Sources */,
				EA264AC51E03C14100F0BCE0 /* UIView+LKGestureListener.m in Sources */,
				F06A35441E34C46200401416 /* NSString+LKLocalStr.m in Sources */,
				EAEB47201E495B9D0016512B /* LKLinkageView.m in Sources */,
				EAEB47241E495BF30016512B /* LKLinkageItem.m in Sources */,
			);
			runOnlyForDeploymentPostprocessing = 0;
		};
		EA264A661E03C0F500F0BCE0 /* Sources */ = {
			isa = PBXSourcesBuildPhase;
			buildActionMask = 2147483647;
			files = (
				EAC4CA681E03D508002CDBAE /* StarterViewController.m in Sources */,
				EA264A6E1E03C0F500F0BCE0 /* main.m in Sources */,
				EAC4CA761E03E3BC002CDBAE /* AppDelegate.m in Sources */,
				F06E82431E20A99D006E638C /* MainViewController.m in Sources */,
			);
			runOnlyForDeploymentPostprocessing = 0;
		};
		EA264A811E03C0F500F0BCE0 /* Sources */ = {
			isa = PBXSourcesBuildPhase;
			buildActionMask = 2147483647;
			files = (
				EA264A8A1E03C0F500F0BCE0 /* LKSamplesTests.m in Sources */,
			);
			runOnlyForDeploymentPostprocessing = 0;
		};
		EA264A8C1E03C0F500F0BCE0 /* Sources */ = {
			isa = PBXSourcesBuildPhase;
			buildActionMask = 2147483647;
			files = (
				EA264A951E03C0F500F0BCE0 /* LKSamplesUITests.m in Sources */,
			);
			runOnlyForDeploymentPostprocessing = 0;
		};
/* End PBXSourcesBuildPhase section */

/* Begin PBXTargetDependency section */
		EA264A871E03C0F500F0BCE0 /* PBXTargetDependency */ = {
			isa = PBXTargetDependency;
			target = EA264A691E03C0F500F0BCE0 /* LKSamples */;
			targetProxy = EA264A861E03C0F500F0BCE0 /* PBXContainerItemProxy */;
		};
		EA264A921E03C0F500F0BCE0 /* PBXTargetDependency */ = {
			isa = PBXTargetDependency;
			target = EA264A691E03C0F500F0BCE0 /* LKSamples */;
			targetProxy = EA264A911E03C0F500F0BCE0 /* PBXContainerItemProxy */;
		};
/* End PBXTargetDependency section */

/* Begin XCBuildConfiguration section */
		EA264A611E03C0A600F0BCE0 /* Debug */ = {
			isa = XCBuildConfiguration;
			buildSettings = {
				ALWAYS_SEARCH_USER_PATHS = NO;
				CLANG_ANALYZER_NONNULL = YES;
				CLANG_CXX_LANGUAGE_STANDARD = "gnu++0x";
				CLANG_CXX_LIBRARY = "libc++";
				CLANG_ENABLE_MODULES = YES;
				CLANG_ENABLE_OBJC_ARC = YES;
				CLANG_WARN_BOOL_CONVERSION = YES;
				CLANG_WARN_CONSTANT_CONVERSION = YES;
				CLANG_WARN_DIRECT_OBJC_ISA_USAGE = YES_ERROR;
				CLANG_WARN_DOCUMENTATION_COMMENTS = YES;
				CLANG_WARN_EMPTY_BODY = YES;
				CLANG_WARN_ENUM_CONVERSION = YES;
				CLANG_WARN_INFINITE_RECURSION = YES;
				CLANG_WARN_INT_CONVERSION = YES;
				CLANG_WARN_OBJC_ROOT_CLASS = YES_ERROR;
				CLANG_WARN_SUSPICIOUS_MOVE = YES;
				CLANG_WARN_UNREACHABLE_CODE = YES;
				CLANG_WARN__DUPLICATE_METHOD_MATCH = YES;
				"CODE_SIGN_IDENTITY[sdk=iphoneos*]" = "iPhone Developer";
				COPY_PHASE_STRIP = NO;
				DEBUG_INFORMATION_FORMAT = dwarf;
				ENABLE_STRICT_OBJC_MSGSEND = YES;
				ENABLE_TESTABILITY = YES;
				GCC_C_LANGUAGE_STANDARD = gnu99;
				GCC_DYNAMIC_NO_PIC = NO;
				GCC_NO_COMMON_BLOCKS = YES;
				GCC_OPTIMIZATION_LEVEL = 0;
				GCC_PREPROCESSOR_DEFINITIONS = (
					"DEBUG=1",
					"$(inherited)",
				);
				GCC_WARN_64_TO_32_BIT_CONVERSION = YES;
				GCC_WARN_ABOUT_RETURN_TYPE = YES_ERROR;
				GCC_WARN_UNDECLARED_SELECTOR = YES;
				GCC_WARN_UNINITIALIZED_AUTOS = YES_AGGRESSIVE;
				GCC_WARN_UNUSED_FUNCTION = YES;
				GCC_WARN_UNUSED_VARIABLE = YES;
				IPHONEOS_DEPLOYMENT_TARGET = 8.0;
				MTL_ENABLE_DEBUG_INFO = YES;
				ONLY_ACTIVE_ARCH = YES;
				SDKROOT = iphoneos;
			};
			name = Debug;
		};
		EA264A621E03C0A600F0BCE0 /* Release */ = {
			isa = XCBuildConfiguration;
			buildSettings = {
				ALWAYS_SEARCH_USER_PATHS = NO;
				CLANG_ANALYZER_NONNULL = YES;
				CLANG_CXX_LANGUAGE_STANDARD = "gnu++0x";
				CLANG_CXX_LIBRARY = "libc++";
				CLANG_ENABLE_MODULES = YES;
				CLANG_ENABLE_OBJC_ARC = YES;
				CLANG_WARN_BOOL_CONVERSION = YES;
				CLANG_WARN_CONSTANT_CONVERSION = YES;
				CLANG_WARN_DIRECT_OBJC_ISA_USAGE = YES_ERROR;
				CLANG_WARN_DOCUMENTATION_COMMENTS = YES;
				CLANG_WARN_EMPTY_BODY = YES;
				CLANG_WARN_ENUM_CONVERSION = YES;
				CLANG_WARN_INFINITE_RECURSION = YES;
				CLANG_WARN_INT_CONVERSION = YES;
				CLANG_WARN_OBJC_ROOT_CLASS = YES_ERROR;
				CLANG_WARN_SUSPICIOUS_MOVE = YES;
				CLANG_WARN_UNREACHABLE_CODE = YES;
				CLANG_WARN__DUPLICATE_METHOD_MATCH = YES;
				"CODE_SIGN_IDENTITY[sdk=iphoneos*]" = "iPhone Developer";
				COPY_PHASE_STRIP = NO;
				DEBUG_INFORMATION_FORMAT = "dwarf-with-dsym";
				ENABLE_NS_ASSERTIONS = NO;
				ENABLE_STRICT_OBJC_MSGSEND = YES;
				GCC_C_LANGUAGE_STANDARD = gnu99;
				GCC_NO_COMMON_BLOCKS = YES;
				GCC_WARN_64_TO_32_BIT_CONVERSION = YES;
				GCC_WARN_ABOUT_RETURN_TYPE = YES_ERROR;
				GCC_WARN_UNDECLARED_SELECTOR = YES;
				GCC_WARN_UNINITIALIZED_AUTOS = YES_AGGRESSIVE;
				GCC_WARN_UNUSED_FUNCTION = YES;
				GCC_WARN_UNUSED_VARIABLE = YES;
				IPHONEOS_DEPLOYMENT_TARGET = 8.0;
				MTL_ENABLE_DEBUG_INFO = NO;
				SDKROOT = iphoneos;
				VALIDATE_PRODUCT = YES;
			};
			name = Release;
		};
		EA264A641E03C0A600F0BCE0 /* Debug */ = {
			isa = XCBuildConfiguration;
			baseConfigurationReference = 767F308E360137E3EA9810BD /* Pods-LemonKit.debug.xcconfig */;
			buildSettings = {
				DEVELOPMENT_TEAM = E9Z57RBU72;
				GCC_C_LANGUAGE_STANDARD = c99;
				GCC_PRECOMPILE_PREFIX_HEADER = NO;
				GCC_PREFIX_HEADER = "";
				OTHER_LDFLAGS = "-ObjC";
				PRODUCT_NAME = "$(TARGET_NAME)";
				SKIP_INSTALL = YES;
			};
			name = Debug;
		};
		EA264A651E03C0A600F0BCE0 /* Release */ = {
			isa = XCBuildConfiguration;
			baseConfigurationReference = 5A84727E94E71BED8675BEFD /* Pods-LemonKit.release.xcconfig */;
			buildSettings = {
				DEVELOPMENT_TEAM = E9Z57RBU72;
				GCC_C_LANGUAGE_STANDARD = c99;
				GCC_PRECOMPILE_PREFIX_HEADER = NO;
				GCC_PREFIX_HEADER = "";
				OTHER_LDFLAGS = "-ObjC";
				PRODUCT_NAME = "$(TARGET_NAME)";
				SKIP_INSTALL = YES;
			};
			name = Release;
		};
		EA264A981E03C0F500F0BCE0 /* Debug */ = {
			isa = XCBuildConfiguration;
			baseConfigurationReference = 1AC798EAFD9F121E6285F0E8 /* Pods-LKSamples.debug.xcconfig */;
			buildSettings = {
				ASSETCATALOG_COMPILER_APPICON_NAME = main_appIcon;
				DEVELOPMENT_TEAM = L77U8HVTZN;
				GCC_PRECOMPILE_PREFIX_HEADER = YES;
				GCC_PREFIX_HEADER = "$(SRCROOT)/LKSamples/LemonKit.pch";
				INFOPLIST_FILE = "$(SRCROOT)/LKSamples/Resource/PropertyList/AppInfo.plist";
				IPHONEOS_DEPLOYMENT_TARGET = 8.0;
				LD_RUNPATH_SEARCH_PATHS = "$(inherited) @executable_path/Frameworks";
				PRODUCT_BUNDLE_IDENTIFIER = net.lemonsoft.lemonkit.samples1;
				PRODUCT_NAME = "$(TARGET_NAME)";
				TARGETED_DEVICE_FAMILY = "1,2";
			};
			name = Debug;
		};
		EA264A991E03C0F500F0BCE0 /* Release */ = {
			isa = XCBuildConfiguration;
			baseConfigurationReference = 9B98C449C71F6CB47328920B /* Pods-LKSamples.release.xcconfig */;
			buildSettings = {
				ASSETCATALOG_COMPILER_APPICON_NAME = main_appIcon;
				DEVELOPMENT_TEAM = L77U8HVTZN;
				GCC_PRECOMPILE_PREFIX_HEADER = YES;
				GCC_PREFIX_HEADER = "$(SRCROOT)/LKSamples/LemonKit.pch";
				INFOPLIST_FILE = "$(SRCROOT)/LKSamples/Resource/PropertyList/AppInfo.plist";
				IPHONEOS_DEPLOYMENT_TARGET = 8.0;
				LD_RUNPATH_SEARCH_PATHS = "$(inherited) @executable_path/Frameworks";
				PRODUCT_BUNDLE_IDENTIFIER = net.lemonsoft.lemonkit.samples1;
				PRODUCT_NAME = "$(TARGET_NAME)";
				TARGETED_DEVICE_FAMILY = "1,2";
			};
			name = Release;
		};
		EA264A9B1E03C0F500F0BCE0 /* Debug */ = {
			isa = XCBuildConfiguration;
			baseConfigurationReference = 8583C91D651B1320893B01C7 /* Pods-LKSamplesTests.debug.xcconfig */;
			buildSettings = {
				BUNDLE_LOADER = "$(TEST_HOST)";
				DEVELOPMENT_TEAM = E9Z57RBU72;
				INFOPLIST_FILE = LKSamplesTests/Info.plist;
				LD_RUNPATH_SEARCH_PATHS = "$(inherited) @executable_path/Frameworks @loader_path/Frameworks";
				PRODUCT_BUNDLE_IDENTIFIER = net.lemonsoft.LKSamplesTests;
				PRODUCT_NAME = "$(TARGET_NAME)";
				TEST_HOST = "$(BUILT_PRODUCTS_DIR)/LKSamples.app/LKSamples";
			};
			name = Debug;
		};
		EA264A9C1E03C0F500F0BCE0 /* Release */ = {
			isa = XCBuildConfiguration;
			baseConfigurationReference = D3839AB5BD887B56D6343332 /* Pods-LKSamplesTests.release.xcconfig */;
			buildSettings = {
				BUNDLE_LOADER = "$(TEST_HOST)";
				DEVELOPMENT_TEAM = E9Z57RBU72;
				INFOPLIST_FILE = LKSamplesTests/Info.plist;
				LD_RUNPATH_SEARCH_PATHS = "$(inherited) @executable_path/Frameworks @loader_path/Frameworks";
				PRODUCT_BUNDLE_IDENTIFIER = net.lemonsoft.LKSamplesTests;
				PRODUCT_NAME = "$(TARGET_NAME)";
				TEST_HOST = "$(BUILT_PRODUCTS_DIR)/LKSamples.app/LKSamples";
			};
			name = Release;
		};
		EA264A9E1E03C0F500F0BCE0 /* Debug */ = {
			isa = XCBuildConfiguration;
			baseConfigurationReference = 761E069F520B470657CF7C9E /* Pods-LKSamplesUITests.debug.xcconfig */;
			buildSettings = {
				DEVELOPMENT_TEAM = E9Z57RBU72;
				INFOPLIST_FILE = LKSamplesUITests/Info.plist;
				LD_RUNPATH_SEARCH_PATHS = "$(inherited) @executable_path/Frameworks @loader_path/Frameworks";
				PRODUCT_BUNDLE_IDENTIFIER = net.lemonsoft.LKSamplesUITests;
				PRODUCT_NAME = "$(TARGET_NAME)";
				TEST_TARGET_NAME = LKSamples;
			};
			name = Debug;
		};
		EA264A9F1E03C0F500F0BCE0 /* Release */ = {
			isa = XCBuildConfiguration;
			baseConfigurationReference = E9F3302C51463721C903344B /* Pods-LKSamplesUITests.release.xcconfig */;
			buildSettings = {
				DEVELOPMENT_TEAM = E9Z57RBU72;
				INFOPLIST_FILE = LKSamplesUITests/Info.plist;
				LD_RUNPATH_SEARCH_PATHS = "$(inherited) @executable_path/Frameworks @loader_path/Frameworks";
				PRODUCT_BUNDLE_IDENTIFIER = net.lemonsoft.LKSamplesUITests;
				PRODUCT_NAME = "$(TARGET_NAME)";
				TEST_TARGET_NAME = LKSamples;
			};
			name = Release;
		};
/* End XCBuildConfiguration section */

/* Begin XCConfigurationList section */
		EA264A551E03C0A600F0BCE0 /* Build configuration list for PBXProject "LemonKit" */ = {
			isa = XCConfigurationList;
			buildConfigurations = (
				EA264A611E03C0A600F0BCE0 /* Debug */,
				EA264A621E03C0A600F0BCE0 /* Release */,
			);
			defaultConfigurationIsVisible = 0;
			defaultConfigurationName = Release;
		};
		EA264A631E03C0A600F0BCE0 /* Build configuration list for PBXNativeTarget "LemonKit" */ = {
			isa = XCConfigurationList;
			buildConfigurations = (
				EA264A641E03C0A600F0BCE0 /* Debug */,
				EA264A651E03C0A600F0BCE0 /* Release */,
			);
			defaultConfigurationIsVisible = 0;
			defaultConfigurationName = Release;
		};
		EA264A971E03C0F500F0BCE0 /* Build configuration list for PBXNativeTarget "LKSamples" */ = {
			isa = XCConfigurationList;
			buildConfigurations = (
				EA264A981E03C0F500F0BCE0 /* Debug */,
				EA264A991E03C0F500F0BCE0 /* Release */,
			);
			defaultConfigurationIsVisible = 0;
			defaultConfigurationName = Release;
		};
		EA264A9A1E03C0F500F0BCE0 /* Build configuration list for PBXNativeTarget "LKSamplesTests" */ = {
			isa = XCConfigurationList;
			buildConfigurations = (
				EA264A9B1E03C0F500F0BCE0 /* Debug */,
				EA264A9C1E03C0F500F0BCE0 /* Release */,
			);
			defaultConfigurationIsVisible = 0;
			defaultConfigurationName = Release;
		};
		EA264A9D1E03C0F500F0BCE0 /* Build configuration list for PBXNativeTarget "LKSamplesUITests" */ = {
			isa = XCConfigurationList;
			buildConfigurations = (
				EA264A9E1E03C0F500F0BCE0 /* Debug */,
				EA264A9F1E03C0F500F0BCE0 /* Release */,
			);
			defaultConfigurationIsVisible = 0;
			defaultConfigurationName = Release;
		};
/* End XCConfigurationList section */
	};
	rootObject = EA264A521E03C0A600F0BCE0 /* Project object */;
}
